
Microsoft Visual Studio Solution File, Format Version 12.00
# Visual Studio 15
VisualStudioVersion = 15.0.28307.271
MinimumVisualStudioVersion = 10.0.40219.1
Project("{9A19103F-16F7-4668-BE54-9A1E7A4F7556}") = "Northwind.Tests", "Northwind.Tests\Northwind.Tests.csproj", "{AA974B21-C8D1-4D12-91AE-A74B1E7704F0}"
EndProject
Project("{9A19103F-16F7-4668-BE54-9A1E7A4F7556}") = "Northwind.Gui.Web", "Northwind.Gui.Web\Northwind.Gui.Web.csproj", "{99A347BC-9C90-4DE4-88FB-E2CC86FEA22F}"
EndProject
Project("{9A19103F-16F7-4668-BE54-9A1E7A4F7556}") = "NorthwindConsoleTest", "NorthwindConsoleTest\NorthwindConsoleTest.csproj", "{8F5954AD-DEC5-4DC8-BA42-44A8FF8EA62C}"
EndProject
Project("{9A19103F-16F7-4668-BE54-9A1E7A4F7556}") = "Northwind.Entities", "Northwind.Entities\Northwind.Entities.csproj", "{0DA0E423-88B1-48B9-AC3C-6014F925914D}"
EndProject
Project("{9A19103F-16F7-4668-BE54-9A1E7A4F7556}") = "Northwind.Services", "Northwind.Services\Northwind.Services.csproj", "{A6CE9EC0-6EC2-4F62-ACA0-883FDF613470}"
EndProject
Global
	GlobalSection(SolutionConfigurationPlatforms) = preSolution
		Debug|Any CPU = Debug|Any CPU
		Release|Any CPU = Release|Any CPU
	EndGlobalSection
	GlobalSection(ProjectConfigurationPlatforms) = postSolution
		{AA974B21-C8D1-4D12-91AE-A74B1E7704F0}.Debug|Any CPU.ActiveCfg = Debug|Any CPU
		{AA974B21-C8D1-4D12-91AE-A74B1E7704F0}.Debug|Any CPU.Build.0 = Debug|Any CPU
		{AA974B21-C8D1-4D12-91AE-A74B1E7704F0}.Release|Any CPU.ActiveCfg = Release|Any CPU
		{AA974B21-C8D1-4D12-91AE-A74B1E7704F0}.Release|Any CPU.Build.0 = Release|Any CPU
		{99A347BC-9C90-4DE4-88FB-E2CC86FEA22F}.Debug|Any CPU.ActiveCfg = Debug|Any CPU
		{99A347BC-9C90-4DE4-88FB-E2CC86FEA22F}.Debug|Any CPU.Build.0 = Debug|Any CPU
		{99A347BC-9C90-4DE4-88FB-E2CC86FEA22F}.Release|Any CPU.ActiveCfg = Release|Any CPU
		{99A347BC-9C90-4DE4-88FB-E2CC86FEA22F}.Release|Any CPU.Build.0 = Release|Any CPU
		{8F5954AD-DEC5-4DC8-BA42-44A8FF8EA62C}.Debug|Any CPU.ActiveCfg = Debug|Any CPU
		{8F5954AD-DEC5-4DC8-BA42-44A8FF8EA62C}.Debug|Any CPU.Build.0 = Debug|Any CPU
		{8F5954AD-DEC5-4DC8-BA42-44A8FF8EA62C}.Release|Any CPU.ActiveCfg = Release|Any CPU
		{8F5954AD-DEC5-4DC8-BA42-44A8FF8EA62C}.Release|Any CPU.Build.0 = Release|Any CPU
		{0DA0E423-88B1-48B9-AC3C-6014F925914D}.Debug|Any CPU.ActiveCfg = Debug|Any CPU
		{0DA0E423-88B1-48B9-AC3C-6014F925914D}.Debug|Any CPU.Build.0 = Debug|Any CPU
		{0DA0E423-88B1-48B9-AC3C-6014F925914D}.Release|Any CPU.ActiveCfg = Release|Any CPU
		{0DA0E423-88B1-48B9-AC3C-6014F925914D}.Release|Any CPU.Build.0 = Release|Any CPU
		{A6CE9EC0-6EC2-4F62-ACA0-883FDF613470}.Debug|Any CPU.ActiveCfg = Debug|Any CPU
		{A6CE9EC0-6EC2-4F62-ACA0-883FDF613470}.Debug|Any CPU.Build.0 = Debug|Any CPU
		{A6CE9EC0-6EC2-4F62-ACA0-883FDF613470}.Release|Any CPU.ActiveCfg = Release|Any CPU
		{A6CE9EC0-6EC2-4F62-ACA0-883FDF613470}.Release|Any CPU.Build.0 = Release|Any CPU
	EndGlobalSection
	GlobalSection(SolutionProperties) = preSolution
		HideSolutionNode = FALSE
	EndGlobalSection
	GlobalSection(ExtensibilityGlobals) = postSolution
		SolutionGuid = {426988A1-C929-4B01-8E42-7C002838C057}
	EndGlobalSection
EndGlobal
